
Microsoft Visual Studio Solution File, Format Version 12.00
# Visual Studio 15
VisualStudioVersion = 15.0.27004.2005
MinimumVisualStudioVersion = 10.0.40219.1
Project("{FAE04EC0-301F-11D3-BF4B-00C04F79EFBC}") = "Synesthete", "Synesthete\Synesthete.csproj", "{D837E28D-35E0-4A8E-B4BB-4EE8EFD30EA5}"
EndProject
Project("{FAE04EC0-301F-11D3-BF4B-00C04F79EFBC}") = "NAudio", "..\NAudio\NAudio\NAudio.csproj", "{DA4F02E3-0B5E-42CD-B8D9-5583FA51D66E}"
EndProject
Project("{FAE04EC0-301F-11D3-BF4B-00C04F79EFBC}") = "NAudioWpfDemo", "..\NAudio\NAudioWpfDemo\NAudioWpfDemo.csproj", "{A7B74F85-D353-4ED4-A321-E6E4AD4D7D32}"
EndProject
Project("{FAE04EC0-301F-11D3-BF4B-00C04F79EFBC}") = "NAudio.Universal", "..\NAudio\NAudio.Universal\NAudio.Universal.csproj", "{B7418F4D-290E-4CBA-9DAB-83923E54DC61}"
EndProject
Project("{FAE04EC0-301F-11D3-BF4B-00C04F79EFBC}") = "VoiceRecorder", "..\voicerecorder-master\VoiceRecorder\VoiceRecorder.csproj", "{7EBEED32-BADD-4454-8309-AC8E6647EE51}"
EndProject
Project("{FAE04EC0-301F-11D3-BF4B-00C04F79EFBC}") = "VoiceRecorder.Core", "..\voicerecorder-master\VoiceRecorder.Core\VoiceRecorder.Core.csproj", "{9144E39B-F8E8-47D1-ADCC-086E2E806778}"
EndProject
Project("{FAE04EC0-301F-11D3-BF4B-00C04F79EFBC}") = "VoiceRecorder.Audio", "..\voicerecorder-master\VoiceRecorder.Audio\VoiceRecorder.Audio.csproj", "{91EDFCAD-2495-44D2-BD45-7CC389C6D838}"
EndProject
Project("{FAE04EC0-301F-11D3-BF4B-00C04F79EFBC}") = "VoiceRecorder.Tests", "..\voicerecorder-master\VoiceRecorder.Tests\VoiceRecorder.Tests.csproj", "{8720D71D-A0DE-4E13-8CC9-FC6515872FED}"
EndProject
Project("{2150E333-8FDC-42A3-9474-1A3956D46DE8}") = "examples", "examples", "{5403AB1A-DC0E-4F33-8268-51A08DCAC788}"
EndProject
Project("{2150E333-8FDC-42A3-9474-1A3956D46DE8}") = "libraries", "libraries", "{F3DEFAB3-62D4-46D8-A24E-A1D8F35A028C}"
EndProject
Project("{FAE04EC0-301F-11D3-BF4B-00C04F79EFBC}") = "NAudioAsioPatchBay", "..\naudio-asio-patchbay-master\NAudioAsioPatchBay\NAudioAsioPatchBay.csproj", "{AFBA7AC6-6CC1-4FCA-AB43-EEF95318F0CC}"
EndProject
Project("{FAE04EC0-301F-11D3-BF4B-00C04F79EFBC}") = "NAudioDemo", "..\NAudio\NAudioDemo\NAudioDemo.csproj", "{C37A547B-F31E-45FB-870A-CFA704D06152}"
EndProject
Project("{FAE04EC0-301F-11D3-BF4B-00C04F79EFBC}") = "Synesthete_ASIO", "Synesthete_ASIO\Synesthete_ASIO\Synesthete_ASIO.csproj", "{496F0D9F-591C-4213-B0CC-9489714E2DEB}"
EndProject
Global
	GlobalSection(SolutionConfigurationPlatforms) = preSolution
		Debug|Any CPU = Debug|Any CPU
		Debug|ARM = Debug|ARM
		Debug|x64 = Debug|x64
		Debug|x86 = Debug|x86
		Release|Any CPU = Release|Any CPU
		Release|ARM = Release|ARM
		Release|x64 = Release|x64
		Release|x86 = Release|x86
	EndGlobalSection
	GlobalSection(ProjectConfigurationPlatforms) = postSolution
		{D837E28D-35E0-4A8E-B4BB-4EE8EFD30EA5}.Debug|Any CPU.ActiveCfg = Debug|Any CPU
		{D837E28D-35E0-4A8E-B4BB-4EE8EFD30EA5}.Debug|Any CPU.Build.0 = Debug|Any CPU
		{D837E28D-35E0-4A8E-B4BB-4EE8EFD30EA5}.Debug|ARM.ActiveCfg = Debug|Any CPU
		{D837E28D-35E0-4A8E-B4BB-4EE8EFD30EA5}.Debug|ARM.Build.0 = Debug|Any CPU
		{D837E28D-35E0-4A8E-B4BB-4EE8EFD30EA5}.Debug|x64.ActiveCfg = Debug|Any CPU
		{D837E28D-35E0-4A8E-B4BB-4EE8EFD30EA5}.Debug|x64.Build.0 = Debug|Any CPU
		{D837E28D-35E0-4A8E-B4BB-4EE8EFD30EA5}.Debug|x86.ActiveCfg = Debug|Any CPU
		{D837E28D-35E0-4A8E-B4BB-4EE8EFD30EA5}.Debug|x86.Build.0 = Debug|Any CPU
		{D837E28D-35E0-4A8E-B4BB-4EE8EFD30EA5}.Release|Any CPU.ActiveCfg = Release|Any CPU
		{D837E28D-35E0-4A8E-B4BB-4EE8EFD30EA5}.Release|Any CPU.Build.0 = Release|Any CPU
		{D837E28D-35E0-4A8E-B4BB-4EE8EFD30EA5}.Release|ARM.ActiveCfg = Release|Any CPU
		{D837E28D-35E0-4A8E-B4BB-4EE8EFD30EA5}.Release|ARM.Build.0 = Release|Any CPU
		{D837E28D-35E0-4A8E-B4BB-4EE8EFD30EA5}.Release|x64.ActiveCfg = Release|Any CPU
		{D837E28D-35E0-4A8E-B4BB-4EE8EFD30EA5}.Release|x64.Build.0 = Release|Any CPU
		{D837E28D-35E0-4A8E-B4BB-4EE8EFD30EA5}.Release|x86.ActiveCfg = Release|Any CPU
		{D837E28D-35E0-4A8E-B4BB-4EE8EFD30EA5}.Release|x86.Build.0 = Release|Any CPU
		{DA4F02E3-0B5E-42CD-B8D9-5583FA51D66E}.Debug|Any CPU.ActiveCfg = Debug|Any CPU
		{DA4F02E3-0B5E-42CD-B8D9-5583FA51D66E}.Debug|Any CPU.Build.0 = Debug|Any CPU
		{DA4F02E3-0B5E-42CD-B8D9-5583FA51D66E}.Debug|ARM.ActiveCfg = Debug|Any CPU
		{DA4F02E3-0B5E-42CD-B8D9-5583FA51D66E}.Debug|ARM.Build.0 = Debug|Any CPU
		{DA4F02E3-0B5E-42CD-B8D9-5583FA51D66E}.Debug|x64.ActiveCfg = Debug|Any CPU
		{DA4F02E3-0B5E-42CD-B8D9-5583FA51D66E}.Debug|x64.Build.0 = Debug|Any CPU
		{DA4F02E3-0B5E-42CD-B8D9-5583FA51D66E}.Debug|x86.ActiveCfg = Debug|Any CPU
		{DA4F02E3-0B5E-42CD-B8D9-5583FA51D66E}.Debug|x86.Build.0 = Debug|Any CPU
		{DA4F02E3-0B5E-42CD-B8D9-5583FA51D66E}.Release|Any CPU.ActiveCfg = Release|Any CPU
		{DA4F02E3-0B5E-42CD-B8D9-5583FA51D66E}.Release|Any CPU.Build.0 = Release|Any CPU
		{DA4F02E3-0B5E-42CD-B8D9-5583FA51D66E}.Release|ARM.ActiveCfg = Release|Any CPU
		{DA4F02E3-0B5E-42CD-B8D9-5583FA51D66E}.Release|ARM.Build.0 = Release|Any CPU
		{DA4F02E3-0B5E-42CD-B8D9-5583FA51D66E}.Release|x64.ActiveCfg = Release|Any CPU
		{DA4F02E3-0B5E-42CD-B8D9-5583FA51D66E}.Release|x64.Build.0 = Release|Any CPU
		{DA4F02E3-0B5E-42CD-B8D9-5583FA51D66E}.Release|x86.ActiveCfg = Release|Any CPU
		{DA4F02E3-0B5E-42CD-B8D9-5583FA51D66E}.Release|x86.Build.0 = Release|Any CPU
		{A7B74F85-D353-4ED4-A321-E6E4AD4D7D32}.Debug|Any CPU.ActiveCfg = Debug|Any CPU
		{A7B74F85-D353-4ED4-A321-E6E4AD4D7D32}.Debug|Any CPU.Build.0 = Debug|Any CPU
		{A7B74F85-D353-4ED4-A321-E6E4AD4D7D32}.Debug|ARM.ActiveCfg = Debug|Any CPU
		{A7B74F85-D353-4ED4-A321-E6E4AD4D7D32}.Debug|ARM.Build.0 = Debug|Any CPU
		{A7B74F85-D353-4ED4-A321-E6E4AD4D7D32}.Debug|x64.ActiveCfg = Debug|Any CPU
		{A7B74F85-D353-4ED4-A321-E6E4AD4D7D32}.Debug|x64.Build.0 = Debug|Any CPU
		{A7B74F85-D353-4ED4-A321-E6E4AD4D7D32}.Debug|x86.ActiveCfg = Debug|Any CPU
		{A7B74F85-D353-4ED4-A321-E6E4AD4D7D32}.Debug|x86.Build.0 = Debug|Any CPU
		{A7B74F85-D353-4ED4-A321-E6E4AD4D7D32}.Release|Any CPU.ActiveCfg = Release|Any CPU
		{A7B74F85-D353-4ED4-A321-E6E4AD4D7D32}.Release|Any CPU.Build.0 = Release|Any CPU
		{A7B74F85-D353-4ED4-A321-E6E4AD4D7D32}.Release|ARM.ActiveCfg = Release|Any CPU
		{A7B74F85-D353-4ED4-A321-E6E4AD4D7D32}.Release|ARM.Build.0 = Release|Any CPU
		{A7B74F85-D353-4ED4-A321-E6E4AD4D7D32}.Release|x64.ActiveCfg = Release|Any CPU
		{A7B74F85-D353-4ED4-A321-E6E4AD4D7D32}.Release|x64.Build.0 = Release|Any CPU
		{A7B74F85-D353-4ED4-A321-E6E4AD4D7D32}.Release|x86.ActiveCfg = Release|Any CPU
		{A7B74F85-D353-4ED4-A321-E6E4AD4D7D32}.Release|x86.Build.0 = Release|Any CPU
		{B7418F4D-290E-4CBA-9DAB-83923E54DC61}.Debug|Any CPU.ActiveCfg = Debug|Any CPU
		{B7418F4D-290E-4CBA-9DAB-83923E54DC61}.Debug|Any CPU.Build.0 = Debug|Any CPU
		{B7418F4D-290E-4CBA-9DAB-83923E54DC61}.Debug|ARM.ActiveCfg = Debug|ARM
		{B7418F4D-290E-4CBA-9DAB-83923E54DC61}.Debug|ARM.Build.0 = Debug|ARM
		{B7418F4D-290E-4CBA-9DAB-83923E54DC61}.Debug|x64.ActiveCfg = Debug|x64
		{B7418F4D-290E-4CBA-9DAB-83923E54DC61}.Debug|x64.Build.0 = Debug|x64
		{B7418F4D-290E-4CBA-9DAB-83923E54DC61}.Debug|x86.ActiveCfg = Debug|x86
		{B7418F4D-290E-4CBA-9DAB-83923E54DC61}.Debug|x86.Build.0 = Debug|x86
		{B7418F4D-290E-4CBA-9DAB-83923E54DC61}.Release|Any CPU.ActiveCfg = Release|Any CPU
		{B7418F4D-290E-4CBA-9DAB-83923E54DC61}.Release|Any CPU.Build.0 = Release|Any CPU
		{B7418F4D-290E-4CBA-9DAB-83923E54DC61}.Release|ARM.ActiveCfg = Release|ARM
		{B7418F4D-290E-4CBA-9DAB-83923E54DC61}.Release|ARM.Build.0 = Release|ARM
		{B7418F4D-290E-4CBA-9DAB-83923E54DC61}.Release|x64.ActiveCfg = Release|x64
		{B7418F4D-290E-4CBA-9DAB-83923E54DC61}.Release|x64.Build.0 = Release|x64
		{B7418F4D-290E-4CBA-9DAB-83923E54DC61}.Release|x86.ActiveCfg = Release|x86
		{B7418F4D-290E-4CBA-9DAB-83923E54DC61}.Release|x86.Build.0 = Release|x86
		{7EBEED32-BADD-4454-8309-AC8E6647EE51}.Debug|Any CPU.ActiveCfg = Debug|Any CPU
		{7EBEED32-BADD-4454-8309-AC8E6647EE51}.Debug|Any CPU.Build.0 = Debug|Any CPU
		{7EBEED32-BADD-4454-8309-AC8E6647EE51}.Debug|ARM.ActiveCfg = Debug|Any CPU
		{7EBEED32-BADD-4454-8309-AC8E6647EE51}.Debug|ARM.Build.0 = Debug|Any CPU
		{7EBEED32-BADD-4454-8309-AC8E6647EE51}.Debug|x64.ActiveCfg = Debug|Any CPU
		{7EBEED32-BADD-4454-8309-AC8E6647EE51}.Debug|x64.Build.0 = Debug|Any CPU
		{7EBEED32-BADD-4454-8309-AC8E6647EE51}.Debug|x86.ActiveCfg = Debug|Any CPU
		{7EBEED32-BADD-4454-8309-AC8E6647EE51}.Debug|x86.Build.0 = Debug|Any CPU
		{7EBEED32-BADD-4454-8309-AC8E6647EE51}.Release|Any CPU.ActiveCfg = Release|Any CPU
		{7EBEED32-BADD-4454-8309-AC8E6647EE51}.Release|Any CPU.Build.0 = Release|Any CPU
		{7EBEED32-BADD-4454-8309-AC8E6647EE51}.Release|ARM.ActiveCfg = Release|Any CPU
		{7EBEED32-BADD-4454-8309-AC8E6647EE51}.Release|ARM.Build.0 = Release|Any CPU
		{7EBEED32-BADD-4454-8309-AC8E6647EE51}.Release|x64.ActiveCfg = Release|Any CPU
		{7EBEED32-BADD-4454-8309-AC8E6647EE51}.Release|x64.Build.0 = Release|Any CPU
		{7EBEED32-BADD-4454-8309-AC8E6647EE51}.Release|x86.ActiveCfg = Release|Any CPU
		{7EBEED32-BADD-4454-8309-AC8E6647EE51}.Release|x86.Build.0 = Release|Any CPU
		{9144E39B-F8E8-47D1-ADCC-086E2E806778}.Debug|Any CPU.ActiveCfg = Debug|Any CPU
		{9144E39B-F8E8-47D1-ADCC-086E2E806778}.Debug|Any CPU.Build.0 = Debug|Any CPU
		{9144E39B-F8E8-47D1-ADCC-086E2E806778}.Debug|ARM.ActiveCfg = Debug|Any CPU
		{9144E39B-F8E8-47D1-ADCC-086E2E806778}.Debug|ARM.Build.0 = Debug|Any CPU
		{9144E39B-F8E8-47D1-ADCC-086E2E806778}.Debug|x64.ActiveCfg = Debug|Any CPU
		{9144E39B-F8E8-47D1-ADCC-086E2E806778}.Debug|x64.Build.0 = Debug|Any CPU
		{9144E39B-F8E8-47D1-ADCC-086E2E806778}.Debug|x86.ActiveCfg = Debug|Any CPU
		{9144E39B-F8E8-47D1-ADCC-086E2E806778}.Debug|x86.Build.0 = Debug|Any CPU
		{9144E39B-F8E8-47D1-ADCC-086E2E806778}.Release|Any CPU.ActiveCfg = Release|Any CPU
		{9144E39B-F8E8-47D1-ADCC-086E2E806778}.Release|Any CPU.Build.0 = Release|Any CPU
		{9144E39B-F8E8-47D1-ADCC-086E2E806778}.Release|ARM.ActiveCfg = Release|Any CPU
		{9144E39B-F8E8-47D1-ADCC-086E2E806778}.Release|ARM.Build.0 = Release|Any CPU
		{9144E39B-F8E8-47D1-ADCC-086E2E806778}.Release|x64.ActiveCfg = Release|Any CPU
		{9144E39B-F8E8-47D1-ADCC-086E2E806778}.Release|x64.Build.0 = Release|Any CPU
		{9144E39B-F8E8-47D1-ADCC-086E2E806778}.Release|x86.ActiveCfg = Release|Any CPU
		{9144E39B-F8E8-47D1-ADCC-086E2E806778}.Release|x86.Build.0 = Release|Any CPU
		{91EDFCAD-2495-44D2-BD45-7CC389C6D838}.Debug|Any CPU.ActiveCfg = Debug|Any CPU
		{91EDFCAD-2495-44D2-BD45-7CC389C6D838}.Debug|Any CPU.Build.0 = Debug|Any CPU
		{91EDFCAD-2495-44D2-BD45-7CC389C6D838}.Debug|ARM.ActiveCfg = Debug|Any CPU
		{91EDFCAD-2495-44D2-BD45-7CC389C6D838}.Debug|ARM.Build.0 = Debug|Any CPU
		{91EDFCAD-2495-44D2-BD45-7CC389C6D838}.Debug|x64.ActiveCfg = Debug|Any CPU
		{91EDFCAD-2495-44D2-BD45-7CC389C6D838}.Debug|x64.Build.0 = Debug|Any CPU
		{91EDFCAD-2495-44D2-BD45-7CC389C6D838}.Debug|x86.ActiveCfg = Debug|Any CPU
		{91EDFCAD-2495-44D2-BD45-7CC389C6D838}.Debug|x86.Build.0 = Debug|Any CPU
		{91EDFCAD-2495-44D2-BD45-7CC389C6D838}.Release|Any CPU.ActiveCfg = Release|Any CPU
		{91EDFCAD-2495-44D2-BD45-7CC389C6D838}.Release|Any CPU.Build.0 = Release|Any CPU
		{91EDFCAD-2495-44D2-BD45-7CC389C6D838}.Release|ARM.ActiveCfg = Release|Any CPU
		{91EDFCAD-2495-44D2-BD45-7CC389C6D838}.Release|ARM.Build.0 = Release|Any CPU
		{91EDFCAD-2495-44D2-BD45-7CC389C6D838}.Release|x64.ActiveCfg = Release|Any CPU
		{91EDFCAD-2495-44D2-BD45-7CC389C6D838}.Release|x64.Build.0 = Release|Any CPU
		{91EDFCAD-2495-44D2-BD45-7CC389C6D838}.Release|x86.ActiveCfg = Release|Any CPU
		{91EDFCAD-2495-44D2-BD45-7CC389C6D838}.Release|x86.Build.0 = Release|Any CPU
		{8720D71D-A0DE-4E13-8CC9-FC6515872FED}.Debug|Any CPU.ActiveCfg = Debug|Any CPU
		{8720D71D-A0DE-4E13-8CC9-FC6515872FED}.Debug|Any CPU.Build.0 = Debug|Any CPU
		{8720D71D-A0DE-4E13-8CC9-FC6515872FED}.Debug|ARM.ActiveCfg = Debug|Any CPU
		{8720D71D-A0DE-4E13-8CC9-FC6515872FED}.Debug|ARM.Build.0 = Debug|Any CPU
		{8720D71D-A0DE-4E13-8CC9-FC6515872FED}.Debug|x64.ActiveCfg = Debug|Any CPU
		{8720D71D-A0DE-4E13-8CC9-FC6515872FED}.Debug|x64.Build.0 = Debug|Any CPU
		{8720D71D-A0DE-4E13-8CC9-FC6515872FED}.Debug|x86.ActiveCfg = Debug|Any CPU
		{8720D71D-A0DE-4E13-8CC9-FC6515872FED}.Debug|x86.Build.0 = Debug|Any CPU
		{8720D71D-A0DE-4E13-8CC9-FC6515872FED}.Release|Any CPU.ActiveCfg = Release|Any CPU
		{8720D71D-A0DE-4E13-8CC9-FC6515872FED}.Release|Any CPU.Build.0 = Release|Any CPU
		{8720D71D-A0DE-4E13-8CC9-FC6515872FED}.Release|ARM.ActiveCfg = Release|Any CPU
		{8720D71D-A0DE-4E13-8CC9-FC6515872FED}.Release|ARM.Build.0 = Release|Any CPU
		{8720D71D-A0DE-4E13-8CC9-FC6515872FED}.Release|x64.ActiveCfg = Release|Any CPU
		{8720D71D-A0DE-4E13-8CC9-FC6515872FED}.Release|x64.Build.0 = Release|Any CPU
		{8720D71D-A0DE-4E13-8CC9-FC6515872FED}.Release|x86.ActiveCfg = Release|Any CPU
		{8720D71D-A0DE-4E13-8CC9-FC6515872FED}.Release|x86.Build.0 = Release|Any CPU
		{AFBA7AC6-6CC1-4FCA-AB43-EEF95318F0CC}.Debug|Any CPU.ActiveCfg = Debug|Any CPU
		{AFBA7AC6-6CC1-4FCA-AB43-EEF95318F0CC}.Debug|Any CPU.Build.0 = Debug|Any CPU
		{AFBA7AC6-6CC1-4FCA-AB43-EEF95318F0CC}.Debug|ARM.ActiveCfg = Debug|Any CPU
		{AFBA7AC6-6CC1-4FCA-AB43-EEF95318F0CC}.Debug|ARM.Build.0 = Debug|Any CPU
		{AFBA7AC6-6CC1-4FCA-AB43-EEF95318F0CC}.Debug|x64.ActiveCfg = Debug|Any CPU
		{AFBA7AC6-6CC1-4FCA-AB43-EEF95318F0CC}.Debug|x64.Build.0 = Debug|Any CPU
		{AFBA7AC6-6CC1-4FCA-AB43-EEF95318F0CC}.Debug|x86.ActiveCfg = Debug|Any CPU
		{AFBA7AC6-6CC1-4FCA-AB43-EEF95318F0CC}.Debug|x86.Build.0 = Debug|Any CPU
		{AFBA7AC6-6CC1-4FCA-AB43-EEF95318F0CC}.Release|Any CPU.ActiveCfg = Release|Any CPU
		{AFBA7AC6-6CC1-4FCA-AB43-EEF95318F0CC}.Release|Any CPU.Build.0 = Release|Any CPU
		{AFBA7AC6-6CC1-4FCA-AB43-EEF95318F0CC}.Release|ARM.ActiveCfg = Release|Any CPU
		{AFBA7AC6-6CC1-4FCA-AB43-EEF95318F0CC}.Release|ARM.Build.0 = Release|Any CPU
		{AFBA7AC6-6CC1-4FCA-AB43-EEF95318F0CC}.Release|x64.ActiveCfg = Release|Any CPU
		{AFBA7AC6-6CC1-4FCA-AB43-EEF95318F0CC}.Release|x64.Build.0 = Release|Any CPU
		{AFBA7AC6-6CC1-4FCA-AB43-EEF95318F0CC}.Release|x86.ActiveCfg = Release|Any CPU
		{AFBA7AC6-6CC1-4FCA-AB43-EEF95318F0CC}.Release|x86.Build.0 = Release|Any CPU
		{C37A547B-F31E-45FB-870A-CFA704D06152}.Debug|Any CPU.ActiveCfg = Debug|Any CPU
		{C37A547B-F31E-45FB-870A-CFA704D06152}.Debug|Any CPU.Build.0 = Debug|Any CPU
		{C37A547B-F31E-45FB-870A-CFA704D06152}.Debug|ARM.ActiveCfg = Debug|Any CPU
		{C37A547B-F31E-45FB-870A-CFA704D06152}.Debug|ARM.Build.0 = Debug|Any CPU
		{C37A547B-F31E-45FB-870A-CFA704D06152}.Debug|x64.ActiveCfg = Debug|Any CPU
		{C37A547B-F31E-45FB-870A-CFA704D06152}.Debug|x64.Build.0 = Debug|Any CPU
		{C37A547B-F31E-45FB-870A-CFA704D06152}.Debug|x86.ActiveCfg = Debug|Any CPU
		{C37A547B-F31E-45FB-870A-CFA704D06152}.Debug|x86.Build.0 = Debug|Any CPU
		{C37A547B-F31E-45FB-870A-CFA704D06152}.Release|Any CPU.ActiveCfg = Release|Any CPU
		{C37A547B-F31E-45FB-870A-CFA704D06152}.Release|Any CPU.Build.0 = Release|Any CPU
		{C37A547B-F31E-45FB-870A-CFA704D06152}.Release|ARM.ActiveCfg = Release|Any CPU
		{C37A547B-F31E-45FB-870A-CFA704D06152}.Release|ARM.Build.0 = Release|Any CPU
		{C37A547B-F31E-45FB-870A-CFA704D06152}.Release|x64.ActiveCfg = Release|Any CPU
		{C37A547B-F31E-45FB-870A-CFA704D06152}.Release|x64.Build.0 = Release|Any CPU
		{C37A547B-F31E-45FB-870A-CFA704D06152}.Release|x86.ActiveCfg = Release|Any CPU
		{C37A547B-F31E-45FB-870A-CFA704D06152}.Release|x86.Build.0 = Release|Any CPU
		{496F0D9F-591C-4213-B0CC-9489714E2DEB}.Debug|Any CPU.ActiveCfg = Debug|Any CPU
		{496F0D9F-591C-4213-B0CC-9489714E2DEB}.Debug|Any CPU.Build.0 = Debug|Any CPU
		{496F0D9F-591C-4213-B0CC-9489714E2DEB}.Debug|ARM.ActiveCfg = Debug|Any CPU
		{496F0D9F-591C-4213-B0CC-9489714E2DEB}.Debug|ARM.Build.0 = Debug|Any CPU
		{496F0D9F-591C-4213-B0CC-9489714E2DEB}.Debug|x64.ActiveCfg = Debug|x64
		{496F0D9F-591C-4213-B0CC-9489714E2DEB}.Debug|x64.Build.0 = Debug|x64
		{496F0D9F-591C-4213-B0CC-9489714E2DEB}.Debug|x86.ActiveCfg = Debug|Any CPU
		{496F0D9F-591C-4213-B0CC-9489714E2DEB}.Debug|x86.Build.0 = Debug|Any CPU
		{496F0D9F-591C-4213-B0CC-9489714E2DEB}.Release|Any CPU.ActiveCfg = Release|Any CPU
		{496F0D9F-591C-4213-B0CC-9489714E2DEB}.Release|Any CPU.Build.0 = Release|Any CPU
		{496F0D9F-591C-4213-B0CC-9489714E2DEB}.Release|ARM.ActiveCfg = Release|Any CPU
		{496F0D9F-591C-4213-B0CC-9489714E2DEB}.Release|ARM.Build.0 = Release|Any CPU
		{496F0D9F-591C-4213-B0CC-9489714E2DEB}.Release|x64.ActiveCfg = Release|x64
		{496F0D9F-591C-4213-B0CC-9489714E2DEB}.Release|x64.Build.0 = Release|x64
		{496F0D9F-591C-4213-B0CC-9489714E2DEB}.Release|x86.ActiveCfg = Release|Any CPU
		{496F0D9F-591C-4213-B0CC-9489714E2DEB}.Release|x86.Build.0 = Release|Any CPU
	EndGlobalSection
	GlobalSection(SolutionProperties) = preSolution
		HideSolutionNode = FALSE
	EndGlobalSection
	GlobalSection(NestedProjects) = preSolution
		{DA4F02E3-0B5E-42CD-B8D9-5583FA51D66E} = {F3DEFAB3-62D4-46D8-A24E-A1D8F35A028C}
		{A7B74F85-D353-4ED4-A321-E6E4AD4D7D32} = {F3DEFAB3-62D4-46D8-A24E-A1D8F35A028C}
		{B7418F4D-290E-4CBA-9DAB-83923E54DC61} = {F3DEFAB3-62D4-46D8-A24E-A1D8F35A028C}
		{7EBEED32-BADD-4454-8309-AC8E6647EE51} = {5403AB1A-DC0E-4F33-8268-51A08DCAC788}
		{9144E39B-F8E8-47D1-ADCC-086E2E806778} = {5403AB1A-DC0E-4F33-8268-51A08DCAC788}
		{91EDFCAD-2495-44D2-BD45-7CC389C6D838} = {5403AB1A-DC0E-4F33-8268-51A08DCAC788}
		{8720D71D-A0DE-4E13-8CC9-FC6515872FED} = {5403AB1A-DC0E-4F33-8268-51A08DCAC788}
		{AFBA7AC6-6CC1-4FCA-AB43-EEF95318F0CC} = {5403AB1A-DC0E-4F33-8268-51A08DCAC788}
		{C37A547B-F31E-45FB-870A-CFA704D06152} = {F3DEFAB3-62D4-46D8-A24E-A1D8F35A028C}
	EndGlobalSection
	GlobalSection(ExtensibilityGlobals) = postSolution
		SolutionGuid = {31C54B7A-C298-42CF-81AD-4A2493A76BA8}
	EndGlobalSection
EndGlobal
